// !$*UTF8*$!
{
	archiveVersion = 1;
	classes = {
	};
	objectVersion = 56;
	objects = {

/* Begin PBXBuildFile section */
		220106572AE2BC9100132B3A /* AppDelegate.swift in Sources */ = {isa = PBXBuildFile; fileRef = 220106562AE2BC9100132B3A /* AppDelegate.swift */; };
		220106592AE2BC9100132B3A /* SceneDelegate.swift in Sources */ = {isa = PBXBuildFile; fileRef = 220106582AE2BC9100132B3A /* SceneDelegate.swift */; };
		220106602AE2BC9200132B3A /* Assets.xcassets in Resources */ = {isa = PBXBuildFile; fileRef = 2201065F2AE2BC9200132B3A /* Assets.xcassets */; };
		220106632AE2BC9200132B3A /* LaunchScreen.storyboard in Resources */ = {isa = PBXBuildFile; fileRef = 220106612AE2BC9200132B3A /* LaunchScreen.storyboard */; };
		2201066E2AE2BC9200132B3A /* ShapeUpTests.swift in Sources */ = {isa = PBXBuildFile; fileRef = 2201066D2AE2BC9200132B3A /* ShapeUpTests.swift */; };
		220106782AE2BC9200132B3A /* ShapeUpUITests.swift in Sources */ = {isa = PBXBuildFile; fileRef = 220106772AE2BC9200132B3A /* ShapeUpUITests.swift */; };
		2201067A2AE2BC9200132B3A /* ShapeUpUITestsLaunchTests.swift in Sources */ = {isa = PBXBuildFile; fileRef = 220106792AE2BC9200132B3A /* ShapeUpUITestsLaunchTests.swift */; };
		2201068B2AE2C2A500132B3A /* UserVC.swift in Sources */ = {isa = PBXBuildFile; fileRef = 2201068A2AE2C2A500132B3A /* UserVC.swift */; };
		2201068D2AE2C2CD00132B3A /* MainVC.swift in Sources */ = {isa = PBXBuildFile; fileRef = 2201068C2AE2C2CD00132B3A /* MainVC.swift */; };
		2201068F2AE2C2E000132B3A /* ExerciseVC.swift in Sources */ = {isa = PBXBuildFile; fileRef = 2201068E2AE2C2E000132B3A /* ExerciseVC.swift */; };
		220106912AE2C30000132B3A /* NutritionView.swift in Sources */ = {isa = PBXBuildFile; fileRef = 220106902AE2C30000132B3A /* NutritionView.swift */; };
		220106932AE2C41800132B3A /* UserPresenter.swift in Sources */ = {isa = PBXBuildFile; fileRef = 220106922AE2C41800132B3A /* UserPresenter.swift */; };
		220106952AE2C46600132B3A /* ExerciseListPresenter.swift in Sources */ = {isa = PBXBuildFile; fileRef = 220106942AE2C46600132B3A /* ExerciseListPresenter.swift */; };
		220106972AE2C49200132B3A /* NutritionPresenter.swift in Sources */ = {isa = PBXBuildFile; fileRef = 220106962AE2C49200132B3A /* NutritionPresenter.swift */; };
		220106992AE2C4E900132B3A /* UserModel.swift in Sources */ = {isa = PBXBuildFile; fileRef = 220106982AE2C4E900132B3A /* UserModel.swift */; };
		2201069B2AE2C50800132B3A /* ExerciseModel.swift in Sources */ = {isa = PBXBuildFile; fileRef = 2201069A2AE2C50800132B3A /* ExerciseModel.swift */; };
		2201069D2AE2C53300132B3A /* NutritionModel.swift in Sources */ = {isa = PBXBuildFile; fileRef = 2201069C2AE2C53300132B3A /* NutritionModel.swift */; };
		220106A42AE2CF7900132B3A /* UIColor_HEX.swift in Sources */ = {isa = PBXBuildFile; fileRef = 220106A32AE2CF7900132B3A /* UIColor_HEX.swift */; };
		220106A92AE2E59100132B3A /* SnapKit in Frameworks */ = {isa = PBXBuildFile; productRef = 220106A82AE2E59000132B3A /* SnapKit */; };
		22603E932AE3FB9C00D2E183 /* CustomTextFieldTVC.swift in Sources */ = {isa = PBXBuildFile; fileRef = 22603E922AE3FB9C00D2E183 /* CustomTextFieldTVC.swift */; };
		22603E952AE564B700D2E183 /* MainTabBarController.swift in Sources */ = {isa = PBXBuildFile; fileRef = 22603E942AE564B700D2E183 /* MainTabBarController.swift */; };
		22603E982AE59F4300D2E183 /* DGCharts in Frameworks */ = {isa = PBXBuildFile; productRef = 22603E972AE59F4300D2E183 /* DGCharts */; };
		22603E9C2AE5C3D900D2E183 /* MusclesGroupsCVC.swift in Sources */ = {isa = PBXBuildFile; fileRef = 22603E9B2AE5C3D900D2E183 /* MusclesGroupsCVC.swift */; };
		22B5F29B2AF3E39100B47D6D /* PresentedIndicator.swift in Sources */ = {isa = PBXBuildFile; fileRef = 22B5F29A2AF3E39100B47D6D /* PresentedIndicator.swift */; };
		22B5F2A02AF3F88800B47D6D /* CreateExerciseVC.swift in Sources */ = {isa = PBXBuildFile; fileRef = 22B5F29F2AF3F88800B47D6D /* CreateExerciseVC.swift */; };
		22B5F2A62AF40AA200B47D6D /* UIButton_Back.swift in Sources */ = {isa = PBXBuildFile; fileRef = 22B5F2A52AF40AA200B47D6D /* UIButton_Back.swift */; };
		22DC551C2AEAAD6200C3556C /* AddExerciseVC.swift in Sources */ = {isa = PBXBuildFile; fileRef = 22DC551B2AEAAD6200C3556C /* AddExerciseVC.swift */; };
		22DC551F2AEAAFB100C3556C /* CustomTextField.swift in Sources */ = {isa = PBXBuildFile; fileRef = 22DC551E2AEAAFB100C3556C /* CustomTextField.swift */; };
		22DC55222AEB160900C3556C /* FSCalendar in Frameworks */ = {isa = PBXBuildFile; productRef = 22DC55212AEB160900C3556C /* FSCalendar */; };
		22DC55292AEFE1E100C3556C /* Realm in Frameworks */ = {isa = PBXBuildFile; productRef = 22DC55282AEFE1E100C3556C /* Realm */; };
		22DC552B2AEFE1E100C3556C /* RealmSwift in Frameworks */ = {isa = PBXBuildFile; productRef = 22DC552A2AEFE1E100C3556C /* RealmSwift */; };
		22DC552D2AEFE20F00C3556C /* RealmExerciseService.swift in Sources */ = {isa = PBXBuildFile; fileRef = 22DC552C2AEFE20F00C3556C /* RealmExerciseService.swift */; };
		22DC55312AF009B600C3556C /* ExercisePageVC.swift in Sources */ = {isa = PBXBuildFile; fileRef = 22DC55302AF009B600C3556C /* ExercisePageVC.swift */; };
		22DC55332AF009E400C3556C /* ProgramPageVC.swift in Sources */ = {isa = PBXBuildFile; fileRef = 22DC55322AF009E400C3556C /* ProgramPageVC.swift */; };
		22DC55352AF01FA800C3556C /* ExercisePageTVC.swift in Sources */ = {isa = PBXBuildFile; fileRef = 22DC55342AF01FA800C3556C /* ExercisePageTVC.swift */; };
		22DC55372AF1078100C3556C /* PieChart.swift in Sources */ = {isa = PBXBuildFile; fileRef = 22DC55362AF1078100C3556C /* PieChart.swift */; };
		22DC553B2AF107ED00C3556C /* DesignColorTemplates.swift in Sources */ = {isa = PBXBuildFile; fileRef = 22DC553A2AF107ED00C3556C /* DesignColorTemplates.swift */; };
		22DC553D2AF1081200C3556C /* Paddings.swift in Sources */ = {isa = PBXBuildFile; fileRef = 22DC553C2AF1081200C3556C /* Paddings.swift */; };
		22DC553F2AF1082600C3556C /* SizeOFElements.swift in Sources */ = {isa = PBXBuildFile; fileRef = 22DC553E2AF1082600C3556C /* SizeOFElements.swift */; };
		22DC55412AF1083D00C3556C /* Fonts.swift in Sources */ = {isa = PBXBuildFile; fileRef = 22DC55402AF1083D00C3556C /* Fonts.swift */; };
		22DC55462AF1418C00C3556C /* ChooseMuscleForNewExerciseVC.swift in Sources */ = {isa = PBXBuildFile; fileRef = 22DC55452AF1418C00C3556C /* ChooseMuscleForNewExerciseVC.swift */; };
		22DC55482AF142ED00C3556C /* ChooseMuscleForNewExerciseTVC.swift in Sources */ = {isa = PBXBuildFile; fileRef = 22DC55472AF142ED00C3556C /* ChooseMuscleForNewExerciseTVC.swift */; };
/* End PBXBuildFile section */

/* Begin PBXContainerItemProxy section */
		2201066A2AE2BC9200132B3A /* PBXContainerItemProxy */ = {
			isa = PBXContainerItemProxy;
			containerPortal = 2201064B2AE2BC9100132B3A /* Project object */;
			proxyType = 1;
			remoteGlobalIDString = 220106522AE2BC9100132B3A;
			remoteInfo = ShapeUp;
		};
		220106742AE2BC9200132B3A /* PBXContainerItemProxy */ = {
			isa = PBXContainerItemProxy;
			containerPortal = 2201064B2AE2BC9100132B3A /* Project object */;
			proxyType = 1;
			remoteGlobalIDString = 220106522AE2BC9100132B3A;
			remoteInfo = ShapeUp;
		};
/* End PBXContainerItemProxy section */

/* Begin PBXFileReference section */
		220106532AE2BC9100132B3A /* ShapeUp.app */ = {isa = PBXFileReference; explicitFileType = wrapper.application; includeInIndex = 0; path = ShapeUp.app; sourceTree = BUILT_PRODUCTS_DIR; };
		220106562AE2BC9100132B3A /* AppDelegate.swift */ = {isa = PBXFileReference; lastKnownFileType = sourcecode.swift; path = AppDelegate.swift; sourceTree = "<group>"; };
		220106582AE2BC9100132B3A /* SceneDelegate.swift */ = {isa = PBXFileReference; lastKnownFileType = sourcecode.swift; path = SceneDelegate.swift; sourceTree = "<group>"; };
		2201065F2AE2BC9200132B3A /* Assets.xcassets */ = {isa = PBXFileReference; lastKnownFileType = folder.assetcatalog; path = Assets.xcassets; sourceTree = "<group>"; };
		220106622AE2BC9200132B3A /* Base */ = {isa = PBXFileReference; lastKnownFileType = file.storyboard; name = Base; path = Base.lproj/LaunchScreen.storyboard; sourceTree = "<group>"; };
		220106642AE2BC9200132B3A /* Info.plist */ = {isa = PBXFileReference; lastKnownFileType = text.plist.xml; path = Info.plist; sourceTree = "<group>"; };
		220106692AE2BC9200132B3A /* ShapeUpTests.xctest */ = {isa = PBXFileReference; explicitFileType = wrapper.cfbundle; includeInIndex = 0; path = ShapeUpTests.xctest; sourceTree = BUILT_PRODUCTS_DIR; };
		2201066D2AE2BC9200132B3A /* ShapeUpTests.swift */ = {isa = PBXFileReference; lastKnownFileType = sourcecode.swift; path = ShapeUpTests.swift; sourceTree = "<group>"; };
		220106732AE2BC9200132B3A /* ShapeUpUITests.xctest */ = {isa = PBXFileReference; explicitFileType = wrapper.cfbundle; includeInIndex = 0; path = ShapeUpUITests.xctest; sourceTree = BUILT_PRODUCTS_DIR; };
		220106772AE2BC9200132B3A /* ShapeUpUITests.swift */ = {isa = PBXFileReference; lastKnownFileType = sourcecode.swift; path = ShapeUpUITests.swift; sourceTree = "<group>"; };
		220106792AE2BC9200132B3A /* ShapeUpUITestsLaunchTests.swift */ = {isa = PBXFileReference; lastKnownFileType = sourcecode.swift; path = ShapeUpUITestsLaunchTests.swift; sourceTree = "<group>"; };
		2201068A2AE2C2A500132B3A /* UserVC.swift */ = {isa = PBXFileReference; lastKnownFileType = sourcecode.swift; path = UserVC.swift; sourceTree = "<group>"; };
		2201068C2AE2C2CD00132B3A /* MainVC.swift */ = {isa = PBXFileReference; lastKnownFileType = sourcecode.swift; path = MainVC.swift; sourceTree = "<group>"; };
		2201068E2AE2C2E000132B3A /* ExerciseVC.swift */ = {isa = PBXFileReference; lastKnownFileType = sourcecode.swift; path = ExerciseVC.swift; sourceTree = "<group>"; };
		220106902AE2C30000132B3A /* NutritionView.swift */ = {isa = PBXFileReference; lastKnownFileType = sourcecode.swift; path = NutritionView.swift; sourceTree = "<group>"; };
		220106922AE2C41800132B3A /* UserPresenter.swift */ = {isa = PBXFileReference; lastKnownFileType = sourcecode.swift; path = UserPresenter.swift; sourceTree = "<group>"; };
		220106942AE2C46600132B3A /* ExerciseListPresenter.swift */ = {isa = PBXFileReference; lastKnownFileType = sourcecode.swift; path = ExerciseListPresenter.swift; sourceTree = "<group>"; };
		220106962AE2C49200132B3A /* NutritionPresenter.swift */ = {isa = PBXFileReference; lastKnownFileType = sourcecode.swift; path = NutritionPresenter.swift; sourceTree = "<group>"; };
		220106982AE2C4E900132B3A /* UserModel.swift */ = {isa = PBXFileReference; lastKnownFileType = sourcecode.swift; path = UserModel.swift; sourceTree = "<group>"; };
		2201069A2AE2C50800132B3A /* ExerciseModel.swift */ = {isa = PBXFileReference; lastKnownFileType = sourcecode.swift; path = ExerciseModel.swift; sourceTree = "<group>"; };
		2201069C2AE2C53300132B3A /* NutritionModel.swift */ = {isa = PBXFileReference; lastKnownFileType = sourcecode.swift; path = NutritionModel.swift; sourceTree = "<group>"; };
		220106A32AE2CF7900132B3A /* UIColor_HEX.swift */ = {isa = PBXFileReference; lastKnownFileType = sourcecode.swift; path = UIColor_HEX.swift; sourceTree = "<group>"; };
		22603E922AE3FB9C00D2E183 /* CustomTextFieldTVC.swift */ = {isa = PBXFileReference; lastKnownFileType = sourcecode.swift; path = CustomTextFieldTVC.swift; sourceTree = "<group>"; };
		22603E942AE564B700D2E183 /* MainTabBarController.swift */ = {isa = PBXFileReference; lastKnownFileType = sourcecode.swift; path = MainTabBarController.swift; sourceTree = "<group>"; };
		22603E9B2AE5C3D900D2E183 /* MusclesGroupsCVC.swift */ = {isa = PBXFileReference; lastKnownFileType = sourcecode.swift; path = MusclesGroupsCVC.swift; sourceTree = "<group>"; };
		22B5F29A2AF3E39100B47D6D /* PresentedIndicator.swift */ = {isa = PBXFileReference; lastKnownFileType = sourcecode.swift; path = PresentedIndicator.swift; sourceTree = "<group>"; };
		22B5F29F2AF3F88800B47D6D /* CreateExerciseVC.swift */ = {isa = PBXFileReference; lastKnownFileType = sourcecode.swift; path = CreateExerciseVC.swift; sourceTree = "<group>"; };
		22B5F2A52AF40AA200B47D6D /* UIButton_Back.swift */ = {isa = PBXFileReference; lastKnownFileType = sourcecode.swift; path = UIButton_Back.swift; sourceTree = "<group>"; };
		22DC551B2AEAAD6200C3556C /* AddExerciseVC.swift */ = {isa = PBXFileReference; lastKnownFileType = sourcecode.swift; path = AddExerciseVC.swift; sourceTree = "<group>"; };
		22DC551E2AEAAFB100C3556C /* CustomTextField.swift */ = {isa = PBXFileReference; lastKnownFileType = sourcecode.swift; path = CustomTextField.swift; sourceTree = "<group>"; };
		22DC552C2AEFE20F00C3556C /* RealmExerciseService.swift */ = {isa = PBXFileReference; lastKnownFileType = sourcecode.swift; path = RealmExerciseService.swift; sourceTree = "<group>"; };
		22DC55302AF009B600C3556C /* ExercisePageVC.swift */ = {isa = PBXFileReference; lastKnownFileType = sourcecode.swift; path = ExercisePageVC.swift; sourceTree = "<group>"; };
		22DC55322AF009E400C3556C /* ProgramPageVC.swift */ = {isa = PBXFileReference; lastKnownFileType = sourcecode.swift; path = ProgramPageVC.swift; sourceTree = "<group>"; };
		22DC55342AF01FA800C3556C /* ExercisePageTVC.swift */ = {isa = PBXFileReference; lastKnownFileType = sourcecode.swift; path = ExercisePageTVC.swift; sourceTree = "<group>"; };
		22DC55362AF1078100C3556C /* PieChart.swift */ = {isa = PBXFileReference; lastKnownFileType = sourcecode.swift; path = PieChart.swift; sourceTree = "<group>"; };
		22DC553A2AF107ED00C3556C /* DesignColorTemplates.swift */ = {isa = PBXFileReference; lastKnownFileType = sourcecode.swift; path = DesignColorTemplates.swift; sourceTree = "<group>"; };
		22DC553C2AF1081200C3556C /* Paddings.swift */ = {isa = PBXFileReference; lastKnownFileType = sourcecode.swift; path = Paddings.swift; sourceTree = "<group>"; };
		22DC553E2AF1082600C3556C /* SizeOFElements.swift */ = {isa = PBXFileReference; lastKnownFileType = sourcecode.swift; path = SizeOFElements.swift; sourceTree = "<group>"; };
		22DC55402AF1083D00C3556C /* Fonts.swift */ = {isa = PBXFileReference; lastKnownFileType = sourcecode.swift; path = Fonts.swift; sourceTree = "<group>"; };
		22DC55452AF1418C00C3556C /* ChooseMuscleForNewExerciseVC.swift */ = {isa = PBXFileReference; lastKnownFileType = sourcecode.swift; path = ChooseMuscleForNewExerciseVC.swift; sourceTree = "<group>"; };
		22DC55472AF142ED00C3556C /* ChooseMuscleForNewExerciseTVC.swift */ = {isa = PBXFileReference; lastKnownFileType = sourcecode.swift; path = ChooseMuscleForNewExerciseTVC.swift; sourceTree = "<group>"; };
/* End PBXFileReference section */

/* Begin PBXFrameworksBuildPhase section */
		220106502AE2BC9100132B3A /* Frameworks */ = {
			isa = PBXFrameworksBuildPhase;
			buildActionMask = 2147483647;
			files = (
				22DC55292AEFE1E100C3556C /* Realm in Frameworks */,
				22DC552B2AEFE1E100C3556C /* RealmSwift in Frameworks */,
				220106A92AE2E59100132B3A /* SnapKit in Frameworks */,
				22603E982AE59F4300D2E183 /* DGCharts in Frameworks */,
				22DC55222AEB160900C3556C /* FSCalendar in Frameworks */,
			);
			runOnlyForDeploymentPostprocessing = 0;
		};
		220106662AE2BC9200132B3A /* Frameworks */ = {
			isa = PBXFrameworksBuildPhase;
			buildActionMask = 2147483647;
			files = (
			);
			runOnlyForDeploymentPostprocessing = 0;
		};
		220106702AE2BC9200132B3A /* Frameworks */ = {
			isa = PBXFrameworksBuildPhase;
			buildActionMask = 2147483647;
			files = (
			);
			runOnlyForDeploymentPostprocessing = 0;
		};
/* End PBXFrameworksBuildPhase section */

/* Begin PBXGroup section */
		2201064A2AE2BC9100132B3A = {
			isa = PBXGroup;
			children = (
				220106552AE2BC9100132B3A /* ShapeUp */,
				2201066C2AE2BC9200132B3A /* ShapeUpTests */,
				220106762AE2BC9200132B3A /* ShapeUpUITests */,
				220106542AE2BC9100132B3A /* Products */,
			);
			sourceTree = "<group>";
		};
		220106542AE2BC9100132B3A /* Products */ = {
			isa = PBXGroup;
			children = (
				220106532AE2BC9100132B3A /* ShapeUp.app */,
				220106692AE2BC9200132B3A /* ShapeUpTests.xctest */,
				220106732AE2BC9200132B3A /* ShapeUpUITests.xctest */,
			);
			name = Products;
			sourceTree = "<group>";
		};
		220106552AE2BC9100132B3A /* ShapeUp */ = {
			isa = PBXGroup;
			children = (
				220106A12AE2CD8A00132B3A /* Common */,
				220106882AE2C21800132B3A /* Views */,
				220106862AE2C20800132B3A /* Presenters */,
				220106892AE2C25600132B3A /* Models */,
				22B5F2962AF3CC0400B47D6D /* Resources */,
				220106612AE2BC9200132B3A /* LaunchScreen.storyboard */,
				220106562AE2BC9100132B3A /* AppDelegate.swift */,
				220106582AE2BC9100132B3A /* SceneDelegate.swift */,
				220106642AE2BC9200132B3A /* Info.plist */,
			);
			path = ShapeUp;
			sourceTree = "<group>";
		};
		2201066C2AE2BC9200132B3A /* ShapeUpTests */ = {
			isa = PBXGroup;
			children = (
				2201066D2AE2BC9200132B3A /* ShapeUpTests.swift */,
			);
			path = ShapeUpTests;
			sourceTree = "<group>";
		};
		220106762AE2BC9200132B3A /* ShapeUpUITests */ = {
			isa = PBXGroup;
			children = (
				220106772AE2BC9200132B3A /* ShapeUpUITests.swift */,
				220106792AE2BC9200132B3A /* ShapeUpUITestsLaunchTests.swift */,
			);
			path = ShapeUpUITests;
			sourceTree = "<group>";
		};
		220106862AE2C20800132B3A /* Presenters */ = {
			isa = PBXGroup;
			children = (
				220106922AE2C41800132B3A /* UserPresenter.swift */,
				220106942AE2C46600132B3A /* ExerciseListPresenter.swift */,
				220106962AE2C49200132B3A /* NutritionPresenter.swift */,
			);
			path = Presenters;
			sourceTree = "<group>";
		};
		220106882AE2C21800132B3A /* Views */ = {
			isa = PBXGroup;
			children = (
				22B5F2982AF3CCAA00B47D6D /* TabBar */,
				22603E9D2AE6BF3C00D2E183 /* UserData */,
				22603E9E2AE6BF4B00D2E183 /* MainTab */,
				22DC55422AF108F700C3556C /* ExerciseTab */,
				22B5F2992AF3CCC000B47D6D /* NutritionTab */,
			);
			path = Views;
			sourceTree = "<group>";
		};
		220106892AE2C25600132B3A /* Models */ = {
			isa = PBXGroup;
			children = (
				220106982AE2C4E900132B3A /* UserModel.swift */,
				2201069A2AE2C50800132B3A /* ExerciseModel.swift */,
				2201069C2AE2C53300132B3A /* NutritionModel.swift */,
			);
			path = Models;
			sourceTree = "<group>";
		};
		220106A12AE2CD8A00132B3A /* Common */ = {
			isa = PBXGroup;
			children = (
				22B5F2972AF3CC5E00B47D6D /* Services */,
				220106A22AE2CF6500132B3A /* Extensions */,
				22DC55382AF107C700C3556C /* Methods */,
			);
			path = Common;
			sourceTree = "<group>";
		};
		220106A22AE2CF6500132B3A /* Extensions */ = {
			isa = PBXGroup;
			children = (
				220106A32AE2CF7900132B3A /* UIColor_HEX.swift */,
				22B5F2A52AF40AA200B47D6D /* UIButton_Back.swift */,
			);
			path = Extensions;
			sourceTree = "<group>";
		};
		22603E9D2AE6BF3C00D2E183 /* UserData */ = {
			isa = PBXGroup;
			children = (
				2201068A2AE2C2A500132B3A /* UserVC.swift */,
				22603E922AE3FB9C00D2E183 /* CustomTextFieldTVC.swift */,
			);
			path = UserData;
			sourceTree = "<group>";
		};
		22603E9E2AE6BF4B00D2E183 /* MainTab */ = {
			isa = PBXGroup;
			children = (
				2201068C2AE2C2CD00132B3A /* MainVC.swift */,
				22603E9B2AE5C3D900D2E183 /* MusclesGroupsCVC.swift */,
			);
			path = MainTab;
			sourceTree = "<group>";
		};
		22B5F2962AF3CC0400B47D6D /* Resources */ = {
			isa = PBXGroup;
			children = (
				2201065F2AE2BC9200132B3A /* Assets.xcassets */,
				22DC55392AF107DA00C3556C /* Design */,
			);
			path = Resources;
			sourceTree = "<group>";
		};
		22B5F2972AF3CC5E00B47D6D /* Services */ = {
			isa = PBXGroup;
			children = (
				22DC552C2AEFE20F00C3556C /* RealmExerciseService.swift */,
			);
			path = Services;
			sourceTree = "<group>";
		};
		22B5F2982AF3CCAA00B47D6D /* TabBar */ = {
			isa = PBXGroup;
			children = (
				22603E942AE564B700D2E183 /* MainTabBarController.swift */,
			);
			path = TabBar;
			sourceTree = "<group>";
		};
		22B5F2992AF3CCC000B47D6D /* NutritionTab */ = {
			isa = PBXGroup;
			children = (
				220106902AE2C30000132B3A /* NutritionView.swift */,
			);
			path = NutritionTab;
			sourceTree = "<group>";
		};
		22B5F29C2AF3F66F00B47D6D /* Menu */ = {
			isa = PBXGroup;
			children = (
				22DC55302AF009B600C3556C /* ExercisePageVC.swift */,
				22DC55342AF01FA800C3556C /* ExercisePageTVC.swift */,
			);
			path = Menu;
			sourceTree = "<group>";
		};
		22B5F29D2AF3F68600B47D6D /* ChooseExistedExercise */ = {
			isa = PBXGroup;
			children = (
				22DC55452AF1418C00C3556C /* ChooseMuscleForNewExerciseVC.swift */,
				22DC55472AF142ED00C3556C /* ChooseMuscleForNewExerciseTVC.swift */,
			);
			path = ChooseExistedExercise;
			sourceTree = "<group>";
		};
		22B5F29E2AF3F7FA00B47D6D /* AddNewExercise */ = {
			isa = PBXGroup;
			children = (
				22B5F29F2AF3F88800B47D6D /* CreateExerciseVC.swift */,
			);
			path = AddNewExercise;
			sourceTree = "<group>";
		};
		22DC55382AF107C700C3556C /* Methods */ = {
			isa = PBXGroup;
			children = (
				22DC551E2AEAAFB100C3556C /* CustomTextField.swift */,
				22DC55362AF1078100C3556C /* PieChart.swift */,
				22B5F29A2AF3E39100B47D6D /* PresentedIndicator.swift */,
			);
			path = Methods;
			sourceTree = "<group>";
		};
		22DC55392AF107DA00C3556C /* Design */ = {
			isa = PBXGroup;
			children = (
				22DC553A2AF107ED00C3556C /* DesignColorTemplates.swift */,
				22DC553C2AF1081200C3556C /* Paddings.swift */,
				22DC553E2AF1082600C3556C /* SizeOFElements.swift */,
				22DC55402AF1083D00C3556C /* Fonts.swift */,
			);
			path = Design;
			sourceTree = "<group>";
		};
		22DC55422AF108F700C3556C /* ExerciseTab */ = {
			isa = PBXGroup;
			children = (
				2201068E2AE2C2E000132B3A /* ExerciseVC.swift */,
				22DC551B2AEAAD6200C3556C /* AddExerciseVC.swift */,
				22DC55432AF1097100C3556C /* ExercisePage */,
				22DC55442AF1098500C3556C /* ProgramPage */,
			);
			path = ExerciseTab;
			sourceTree = "<group>";
		};
		22DC55432AF1097100C3556C /* ExercisePage */ = {
			isa = PBXGroup;
			children = (
				22B5F29C2AF3F66F00B47D6D /* Menu */,
				22B5F29D2AF3F68600B47D6D /* ChooseExistedExercise */,
				22B5F29E2AF3F7FA00B47D6D /* AddNewExercise */,
			);
			path = ExercisePage;
			sourceTree = "<group>";
		};
		22DC55442AF1098500C3556C /* ProgramPage */ = {
			isa = PBXGroup;
			children = (
				22DC55322AF009E400C3556C /* ProgramPageVC.swift */,
			);
			path = ProgramPage;
			sourceTree = "<group>";
		};
/* End PBXGroup section */

/* Begin PBXNativeTarget section */
		220106522AE2BC9100132B3A /* ShapeUp */ = {
			isa = PBXNativeTarget;
			buildConfigurationList = 2201067D2AE2BC9200132B3A /* Build configuration list for PBXNativeTarget "ShapeUp" */;
			buildPhases = (
				2201064F2AE2BC9100132B3A /* Sources */,
				220106502AE2BC9100132B3A /* Frameworks */,
				220106512AE2BC9100132B3A /* Resources */,
			);
			buildRules = (
			);
			dependencies = (
			);
			name = ShapeUp;
			packageProductDependencies = (
				220106A82AE2E59000132B3A /* SnapKit */,
				22603E972AE59F4300D2E183 /* DGCharts */,
				22DC55212AEB160900C3556C /* FSCalendar */,
				22DC55282AEFE1E100C3556C /* Realm */,
				22DC552A2AEFE1E100C3556C /* RealmSwift */,
			);
			productName = ShapeUp;
			productReference = 220106532AE2BC9100132B3A /* ShapeUp.app */;
			productType = "com.apple.product-type.application";
		};
		220106682AE2BC9200132B3A /* ShapeUpTests */ = {
			isa = PBXNativeTarget;
			buildConfigurationList = 220106802AE2BC9200132B3A /* Build configuration list for PBXNativeTarget "ShapeUpTests" */;
			buildPhases = (
				220106652AE2BC9200132B3A /* Sources */,
				220106662AE2BC9200132B3A /* Frameworks */,
				220106672AE2BC9200132B3A /* Resources */,
			);
			buildRules = (
			);
			dependencies = (
				2201066B2AE2BC9200132B3A /* PBXTargetDependency */,
			);
			name = ShapeUpTests;
			productName = ShapeUpTests;
			productReference = 220106692AE2BC9200132B3A /* ShapeUpTests.xctest */;
			productType = "com.apple.product-type.bundle.unit-test";
		};
		220106722AE2BC9200132B3A /* ShapeUpUITests */ = {
			isa = PBXNativeTarget;
			buildConfigurationList = 220106832AE2BC9200132B3A /* Build configuration list for PBXNativeTarget "ShapeUpUITests" */;
			buildPhases = (
				2201066F2AE2BC9200132B3A /* Sources */,
				220106702AE2BC9200132B3A /* Frameworks */,
				220106712AE2BC9200132B3A /* Resources */,
			);
			buildRules = (
			);
			dependencies = (
				220106752AE2BC9200132B3A /* PBXTargetDependency */,
			);
			name = ShapeUpUITests;
			productName = ShapeUpUITests;
			productReference = 220106732AE2BC9200132B3A /* ShapeUpUITests.xctest */;
			productType = "com.apple.product-type.bundle.ui-testing";
		};
/* End PBXNativeTarget section */

/* Begin PBXProject section */
		2201064B2AE2BC9100132B3A /* Project object */ = {
			isa = PBXProject;
			attributes = {
				BuildIndependentTargetsInParallel = 1;
				LastSwiftUpdateCheck = 1500;
				LastUpgradeCheck = 1500;
				TargetAttributes = {
					220106522AE2BC9100132B3A = {
						CreatedOnToolsVersion = 15.0.1;
					};
					220106682AE2BC9200132B3A = {
						CreatedOnToolsVersion = 15.0.1;
						TestTargetID = 220106522AE2BC9100132B3A;
					};
					220106722AE2BC9200132B3A = {
						CreatedOnToolsVersion = 15.0.1;
						TestTargetID = 220106522AE2BC9100132B3A;
					};
				};
			};
			buildConfigurationList = 2201064E2AE2BC9100132B3A /* Build configuration list for PBXProject "ShapeUp" */;
			compatibilityVersion = "Xcode 14.0";
			developmentRegion = en;
			hasScannedForEncodings = 0;
			knownRegions = (
				en,
				Base,
			);
			mainGroup = 2201064A2AE2BC9100132B3A;
			packageReferences = (
				220106A52AE2DA0700132B3A /* XCRemoteSwiftPackageReference "SnapKit" */,
				22603E962AE59F4300D2E183 /* XCRemoteSwiftPackageReference "Charts" */,
				22DC55202AEB160900C3556C /* XCRemoteSwiftPackageReference "FSCalendar" */,
				22DC55272AEFE1E100C3556C /* XCRemoteSwiftPackageReference "realm-swift" */,
			);
			productRefGroup = 220106542AE2BC9100132B3A /* Products */;
			projectDirPath = "";
			projectRoot = "";
			targets = (
				220106522AE2BC9100132B3A /* ShapeUp */,
				220106682AE2BC9200132B3A /* ShapeUpTests */,
				220106722AE2BC9200132B3A /* ShapeUpUITests */,
			);
		};
/* End PBXProject section */

/* Begin PBXResourcesBuildPhase section */
		220106512AE2BC9100132B3A /* Resources */ = {
			isa = PBXResourcesBuildPhase;
			buildActionMask = 2147483647;
			files = (
				220106632AE2BC9200132B3A /* LaunchScreen.storyboard in Resources */,
				220106602AE2BC9200132B3A /* Assets.xcassets in Resources */,
			);
			runOnlyForDeploymentPostprocessing = 0;
		};
		220106672AE2BC9200132B3A /* Resources */ = {
			isa = PBXResourcesBuildPhase;
			buildActionMask = 2147483647;
			files = (
			);
			runOnlyForDeploymentPostprocessing = 0;
		};
		220106712AE2BC9200132B3A /* Resources */ = {
			isa = PBXResourcesBuildPhase;
			buildActionMask = 2147483647;
			files = (
			);
			runOnlyForDeploymentPostprocessing = 0;
		};
/* End PBXResourcesBuildPhase section */

/* Begin PBXSourcesBuildPhase section */
		2201064F2AE2BC9100132B3A /* Sources */ = {
			isa = PBXSourcesBuildPhase;
			buildActionMask = 2147483647;
			files = (
				22DC55412AF1083D00C3556C /* Fonts.swift in Sources */,
				22DC55482AF142ED00C3556C /* ChooseMuscleForNewExerciseTVC.swift in Sources */,
				22B5F2A02AF3F88800B47D6D /* CreateExerciseVC.swift in Sources */,
				22DC55462AF1418C00C3556C /* ChooseMuscleForNewExerciseVC.swift in Sources */,
				22DC553B2AF107ED00C3556C /* DesignColorTemplates.swift in Sources */,
				220106572AE2BC9100132B3A /* AppDelegate.swift in Sources */,
				2201068D2AE2C2CD00132B3A /* MainVC.swift in Sources */,
				220106972AE2C49200132B3A /* NutritionPresenter.swift in Sources */,
				22DC55312AF009B600C3556C /* ExercisePageVC.swift in Sources */,
				220106952AE2C46600132B3A /* ExerciseListPresenter.swift in Sources */,
				2201068B2AE2C2A500132B3A /* UserVC.swift in Sources */,
				22DC553F2AF1082600C3556C /* SizeOFElements.swift in Sources */,
				220106932AE2C41800132B3A /* UserPresenter.swift in Sources */,
				22B5F2A62AF40AA200B47D6D /* UIButton_Back.swift in Sources */,
				22DC551F2AEAAFB100C3556C /* CustomTextField.swift in Sources */,
				22DC552D2AEFE20F00C3556C /* RealmExerciseService.swift in Sources */,
				22DC55372AF1078100C3556C /* PieChart.swift in Sources */,
				22DC55352AF01FA800C3556C /* ExercisePageTVC.swift in Sources */,
				220106912AE2C30000132B3A /* NutritionView.swift in Sources */,
				22DC553D2AF1081200C3556C /* Paddings.swift in Sources */,
				22DC55332AF009E400C3556C /* ProgramPageVC.swift in Sources */,
				22603E9C2AE5C3D900D2E183 /* MusclesGroupsCVC.swift in Sources */,
				2201068F2AE2C2E000132B3A /* ExerciseVC.swift in Sources */,
				2201069D2AE2C53300132B3A /* NutritionModel.swift in Sources */,
				220106992AE2C4E900132B3A /* UserModel.swift in Sources */,
				22603E952AE564B700D2E183 /* MainTabBarController.swift in Sources */,
				22DC551C2AEAAD6200C3556C /* AddExerciseVC.swift in Sources */,
				22B5F29B2AF3E39100B47D6D /* PresentedIndicator.swift in Sources */,
				220106592AE2BC9100132B3A /* SceneDelegate.swift in Sources */,
				2201069B2AE2C50800132B3A /* ExerciseModel.swift in Sources */,
				22603E932AE3FB9C00D2E183 /* CustomTextFieldTVC.swift in Sources */,
				220106A42AE2CF7900132B3A /* UIColor_HEX.swift in Sources */,
			);
			runOnlyForDeploymentPostprocessing = 0;
		};
		220106652AE2BC9200132B3A /* Sources */ = {
			isa = PBXSourcesBuildPhase;
			buildActionMask = 2147483647;
			files = (
				2201066E2AE2BC9200132B3A /* ShapeUpTests.swift in Sources */,
			);
			runOnlyForDeploymentPostprocessing = 0;
		};
		2201066F2AE2BC9200132B3A /* Sources */ = {
			isa = PBXSourcesBuildPhase;
			buildActionMask = 2147483647;
			files = (
				220106782AE2BC9200132B3A /* ShapeUpUITests.swift in Sources */,
				2201067A2AE2BC9200132B3A /* ShapeUpUITestsLaunchTests.swift in Sources */,
			);
			runOnlyForDeploymentPostprocessing = 0;
		};
/* End PBXSourcesBuildPhase section */

/* Begin PBXTargetDependency section */
		2201066B2AE2BC9200132B3A /* PBXTargetDependency */ = {
			isa = PBXTargetDependency;
			target = 220106522AE2BC9100132B3A /* ShapeUp */;
			targetProxy = 2201066A2AE2BC9200132B3A /* PBXContainerItemProxy */;
		};
		220106752AE2BC9200132B3A /* PBXTargetDependency */ = {
			isa = PBXTargetDependency;
			target = 220106522AE2BC9100132B3A /* ShapeUp */;
			targetProxy = 220106742AE2BC9200132B3A /* PBXContainerItemProxy */;
		};
/* End PBXTargetDependency section */

/* Begin PBXVariantGroup section */
		220106612AE2BC9200132B3A /* LaunchScreen.storyboard */ = {
			isa = PBXVariantGroup;
			children = (
				220106622AE2BC9200132B3A /* Base */,
			);
			name = LaunchScreen.storyboard;
			sourceTree = "<group>";
		};
/* End PBXVariantGroup section */

/* Begin XCBuildConfiguration section */
		2201067B2AE2BC9200132B3A /* Debug */ = {
			isa = XCBuildConfiguration;
			buildSettings = {
				ALWAYS_SEARCH_USER_PATHS = NO;
				ASSETCATALOG_COMPILER_GENERATE_SWIFT_ASSET_SYMBOL_EXTENSIONS = YES;
				CLANG_ANALYZER_NONNULL = YES;
				CLANG_ANALYZER_NUMBER_OBJECT_CONVERSION = YES_AGGRESSIVE;
				CLANG_CXX_LANGUAGE_STANDARD = "gnu++20";
				CLANG_ENABLE_MODULES = YES;
				CLANG_ENABLE_OBJC_ARC = YES;
				CLANG_ENABLE_OBJC_WEAK = YES;
				CLANG_WARN_BLOCK_CAPTURE_AUTORELEASING = YES;
				CLANG_WARN_BOOL_CONVERSION = YES;
				CLANG_WARN_COMMA = YES;
				CLANG_WARN_CONSTANT_CONVERSION = YES;
				CLANG_WARN_DEPRECATED_OBJC_IMPLEMENTATIONS = YES;
				CLANG_WARN_DIRECT_OBJC_ISA_USAGE = YES_ERROR;
				CLANG_WARN_DOCUMENTATION_COMMENTS = YES;
				CLANG_WARN_EMPTY_BODY = YES;
				CLANG_WARN_ENUM_CONVERSION = YES;
				CLANG_WARN_INFINITE_RECURSION = YES;
				CLANG_WARN_INT_CONVERSION = YES;
				CLANG_WARN_NON_LITERAL_NULL_CONVERSION = YES;
				CLANG_WARN_OBJC_IMPLICIT_RETAIN_SELF = YES;
				CLANG_WARN_OBJC_LITERAL_CONVERSION = YES;
				CLANG_WARN_OBJC_ROOT_CLASS = YES_ERROR;
				CLANG_WARN_QUOTED_INCLUDE_IN_FRAMEWORK_HEADER = YES;
				CLANG_WARN_RANGE_LOOP_ANALYSIS = YES;
				CLANG_WARN_STRICT_PROTOTYPES = YES;
				CLANG_WARN_SUSPICIOUS_MOVE = YES;
				CLANG_WARN_UNGUARDED_AVAILABILITY = YES_AGGRESSIVE;
				CLANG_WARN_UNREACHABLE_CODE = YES;
				CLANG_WARN__DUPLICATE_METHOD_MATCH = YES;
				COPY_PHASE_STRIP = NO;
				DEBUG_INFORMATION_FORMAT = dwarf;
				ENABLE_STRICT_OBJC_MSGSEND = YES;
				ENABLE_TESTABILITY = YES;
				ENABLE_USER_SCRIPT_SANDBOXING = YES;
				GCC_C_LANGUAGE_STANDARD = gnu17;
				GCC_DYNAMIC_NO_PIC = NO;
				GCC_NO_COMMON_BLOCKS = YES;
				GCC_OPTIMIZATION_LEVEL = 0;
				GCC_PREPROCESSOR_DEFINITIONS = (
					"DEBUG=1",
					"$(inherited)",
				);
				GCC_WARN_64_TO_32_BIT_CONVERSION = YES;
				GCC_WARN_ABOUT_RETURN_TYPE = YES_ERROR;
				GCC_WARN_UNDECLARED_SELECTOR = YES;
				GCC_WARN_UNINITIALIZED_AUTOS = YES_AGGRESSIVE;
				GCC_WARN_UNUSED_FUNCTION = YES;
				GCC_WARN_UNUSED_VARIABLE = YES;
				IPHONEOS_DEPLOYMENT_TARGET = 16.0;
				LOCALIZATION_PREFERS_STRING_CATALOGS = YES;
				MTL_ENABLE_DEBUG_INFO = INCLUDE_SOURCE;
				MTL_FAST_MATH = YES;
				ONLY_ACTIVE_ARCH = YES;
				SDKROOT = iphoneos;
				SWIFT_ACTIVE_COMPILATION_CONDITIONS = "DEBUG $(inherited)";
				SWIFT_OPTIMIZATION_LEVEL = "-Onone";
			};
			name = Debug;
		};
		2201067C2AE2BC9200132B3A /* Release */ = {
			isa = XCBuildConfiguration;
			buildSettings = {
				ALWAYS_SEARCH_USER_PATHS = NO;
				ASSETCATALOG_COMPILER_GENERATE_SWIFT_ASSET_SYMBOL_EXTENSIONS = YES;
				CLANG_ANALYZER_NONNULL = YES;
				CLANG_ANALYZER_NUMBER_OBJECT_CONVERSION = YES_AGGRESSIVE;
				CLANG_CXX_LANGUAGE_STANDARD = "gnu++20";
				CLANG_ENABLE_MODULES = YES;
				CLANG_ENABLE_OBJC_ARC = YES;
				CLANG_ENABLE_OBJC_WEAK = YES;
				CLANG_WARN_BLOCK_CAPTURE_AUTORELEASING = YES;
				CLANG_WARN_BOOL_CONVERSION = YES;
				CLANG_WARN_COMMA = YES;
				CLANG_WARN_CONSTANT_CONVERSION = YES;
				CLANG_WARN_DEPRECATED_OBJC_IMPLEMENTATIONS = YES;
				CLANG_WARN_DIRECT_OBJC_ISA_USAGE = YES_ERROR;
				CLANG_WARN_DOCUMENTATION_COMMENTS = YES;
				CLANG_WARN_EMPTY_BODY = YES;
				CLANG_WARN_ENUM_CONVERSION = YES;
				CLANG_WARN_INFINITE_RECURSION = YES;
				CLANG_WARN_INT_CONVERSION = YES;
				CLANG_WARN_NON_LITERAL_NULL_CONVERSION = YES;
				CLANG_WARN_OBJC_IMPLICIT_RETAIN_SELF = YES;
				CLANG_WARN_OBJC_LITERAL_CONVERSION = YES;
				CLANG_WARN_OBJC_ROOT_CLASS = YES_ERROR;
				CLANG_WARN_QUOTED_INCLUDE_IN_FRAMEWORK_HEADER = YES;
				CLANG_WARN_RANGE_LOOP_ANALYSIS = YES;
				CLANG_WARN_STRICT_PROTOTYPES = YES;
				CLANG_WARN_SUSPICIOUS_MOVE = YES;
				CLANG_WARN_UNGUARDED_AVAILABILITY = YES_AGGRESSIVE;
				CLANG_WARN_UNREACHABLE_CODE = YES;
				CLANG_WARN__DUPLICATE_METHOD_MATCH = YES;
				COPY_PHASE_STRIP = NO;
				DEBUG_INFORMATION_FORMAT = "dwarf-with-dsym";
				ENABLE_NS_ASSERTIONS = NO;
				ENABLE_STRICT_OBJC_MSGSEND = YES;
				ENABLE_USER_SCRIPT_SANDBOXING = YES;
				GCC_C_LANGUAGE_STANDARD = gnu17;
				GCC_NO_COMMON_BLOCKS = YES;
				GCC_WARN_64_TO_32_BIT_CONVERSION = YES;
				GCC_WARN_ABOUT_RETURN_TYPE = YES_ERROR;
				GCC_WARN_UNDECLARED_SELECTOR = YES;
				GCC_WARN_UNINITIALIZED_AUTOS = YES_AGGRESSIVE;
				GCC_WARN_UNUSED_FUNCTION = YES;
				GCC_WARN_UNUSED_VARIABLE = YES;
				IPHONEOS_DEPLOYMENT_TARGET = 16.0;
				LOCALIZATION_PREFERS_STRING_CATALOGS = YES;
				MTL_ENABLE_DEBUG_INFO = NO;
				MTL_FAST_MATH = YES;
				SDKROOT = iphoneos;
				SWIFT_COMPILATION_MODE = wholemodule;
				VALIDATE_PRODUCT = YES;
			};
			name = Release;
		};
		2201067E2AE2BC9200132B3A /* Debug */ = {
			isa = XCBuildConfiguration;
			buildSettings = {
				ASSETCATALOG_COMPILER_APPICON_NAME = AppIcon;
				ASSETCATALOG_COMPILER_GLOBAL_ACCENT_COLOR_NAME = AccentColor;
				CODE_SIGN_STYLE = Automatic;
				CURRENT_PROJECT_VERSION = 1;
				DEVELOPMENT_TEAM = 5PF29L68XS;
				GENERATE_INFOPLIST_FILE = YES;
				INFOPLIST_FILE = ShapeUp/Info.plist;
				INFOPLIST_KEY_UIApplicationSupportsIndirectInputEvents = YES;
				INFOPLIST_KEY_UILaunchStoryboardName = LaunchScreen;
				INFOPLIST_KEY_UISupportedInterfaceOrientations_iPad = "UIInterfaceOrientationPortrait UIInterfaceOrientationPortraitUpsideDown UIInterfaceOrientationLandscapeLeft UIInterfaceOrientationLandscapeRight";
				INFOPLIST_KEY_UISupportedInterfaceOrientations_iPhone = "UIInterfaceOrientationPortrait UIInterfaceOrientationLandscapeLeft UIInterfaceOrientationLandscapeRight";
				IPHONEOS_DEPLOYMENT_TARGET = 16.0;
				LD_RUNPATH_SEARCH_PATHS = (
					"$(inherited)",
					"@executable_path/Frameworks",
				);
				MARKETING_VERSION = 1.0;
				PRODUCT_BUNDLE_IDENTIFIER = "Dmytro-Samoileko.ShapeUp";
				PRODUCT_NAME = "$(TARGET_NAME)";
				SWIFT_EMIT_LOC_STRINGS = YES;
				SWIFT_VERSION = 5.0;
				TARGETED_DEVICE_FAMILY = "1,2";
			};
			name = Debug;
		};
		2201067F2AE2BC9200132B3A /* Release */ = {
			isa = XCBuildConfiguration;
			buildSettings = {
				ASSETCATALOG_COMPILER_APPICON_NAME = AppIcon;
				ASSETCATALOG_COMPILER_GLOBAL_ACCENT_COLOR_NAME = AccentColor;
				CODE_SIGN_STYLE = Automatic;
				CURRENT_PROJECT_VERSION = 1;
				DEVELOPMENT_TEAM = 5PF29L68XS;
				GENERATE_INFOPLIST_FILE = YES;
				INFOPLIST_FILE = ShapeUp/Info.plist;
				INFOPLIST_KEY_UIApplicationSupportsIndirectInputEvents = YES;
				INFOPLIST_KEY_UILaunchStoryboardName = LaunchScreen;
				INFOPLIST_KEY_UISupportedInterfaceOrientations_iPad = "UIInterfaceOrientationPortrait UIInterfaceOrientationPortraitUpsideDown UIInterfaceOrientationLandscapeLeft UIInterfaceOrientationLandscapeRight";
				INFOPLIST_KEY_UISupportedInterfaceOrientations_iPhone = "UIInterfaceOrientationPortrait UIInterfaceOrientationLandscapeLeft UIInterfaceOrientationLandscapeRight";
				IPHONEOS_DEPLOYMENT_TARGET = 16.0;
				LD_RUNPATH_SEARCH_PATHS = (
					"$(inherited)",
					"@executable_path/Frameworks",
				);
				MARKETING_VERSION = 1.0;
				PRODUCT_BUNDLE_IDENTIFIER = "Dmytro-Samoileko.ShapeUp";
				PRODUCT_NAME = "$(TARGET_NAME)";
				SWIFT_EMIT_LOC_STRINGS = YES;
				SWIFT_VERSION = 5.0;
				TARGETED_DEVICE_FAMILY = "1,2";
			};
			name = Release;
		};
		220106812AE2BC9200132B3A /* Debug */ = {
			isa = XCBuildConfiguration;
			buildSettings = {
				ALWAYS_EMBED_SWIFT_STANDARD_LIBRARIES = YES;
				BUNDLE_LOADER = "$(TEST_HOST)";
				CODE_SIGN_STYLE = Automatic;
				CURRENT_PROJECT_VERSION = 1;
				DEVELOPMENT_TEAM = 5PF29L68XS;
				GENERATE_INFOPLIST_FILE = YES;
				IPHONEOS_DEPLOYMENT_TARGET = 17.0;
				MARKETING_VERSION = 1.0;
				PRODUCT_BUNDLE_IDENTIFIER = "Dmytro-Samoileko.ShapeUpTests";
				PRODUCT_NAME = "$(TARGET_NAME)";
				SWIFT_EMIT_LOC_STRINGS = NO;
				SWIFT_VERSION = 5.0;
				TARGETED_DEVICE_FAMILY = "1,2";
				TEST_HOST = "$(BUILT_PRODUCTS_DIR)/ShapeUp.app/$(BUNDLE_EXECUTABLE_FOLDER_PATH)/ShapeUp";
			};
			name = Debug;
		};
		220106822AE2BC9200132B3A /* Release */ = {
			isa = XCBuildConfiguration;
			buildSettings = {
				ALWAYS_EMBED_SWIFT_STANDARD_LIBRARIES = YES;
				BUNDLE_LOADER = "$(TEST_HOST)";
				CODE_SIGN_STYLE = Automatic;
				CURRENT_PROJECT_VERSION = 1;
				DEVELOPMENT_TEAM = 5PF29L68XS;
				GENERATE_INFOPLIST_FILE = YES;
				IPHONEOS_DEPLOYMENT_TARGET = 17.0;
				MARKETING_VERSION = 1.0;
				PRODUCT_BUNDLE_IDENTIFIER = "Dmytro-Samoileko.ShapeUpTests";
				PRODUCT_NAME = "$(TARGET_NAME)";
				SWIFT_EMIT_LOC_STRINGS = NO;
				SWIFT_VERSION = 5.0;
				TARGETED_DEVICE_FAMILY = "1,2";
				TEST_HOST = "$(BUILT_PRODUCTS_DIR)/ShapeUp.app/$(BUNDLE_EXECUTABLE_FOLDER_PATH)/ShapeUp";
			};
			name = Release;
		};
		220106842AE2BC9200132B3A /* Debug */ = {
			isa = XCBuildConfiguration;
			buildSettings = {
				ALWAYS_EMBED_SWIFT_STANDARD_LIBRARIES = YES;
				CODE_SIGN_STYLE = Automatic;
				CURRENT_PROJECT_VERSION = 1;
				DEVELOPMENT_TEAM = 5PF29L68XS;
				GENERATE_INFOPLIST_FILE = YES;
				MARKETING_VERSION = 1.0;
				PRODUCT_BUNDLE_IDENTIFIER = "Dmytro-Samoileko.ShapeUpUITests";
				PRODUCT_NAME = "$(TARGET_NAME)";
				SWIFT_EMIT_LOC_STRINGS = NO;
				SWIFT_VERSION = 5.0;
				TARGETED_DEVICE_FAMILY = "1,2";
				TEST_TARGET_NAME = ShapeUp;
			};
			name = Debug;
		};
		220106852AE2BC9200132B3A /* Release */ = {
			isa = XCBuildConfiguration;
			buildSettings = {
				ALWAYS_EMBED_SWIFT_STANDARD_LIBRARIES = YES;
				CODE_SIGN_STYLE = Automatic;
				CURRENT_PROJECT_VERSION = 1;
				DEVELOPMENT_TEAM = 5PF29L68XS;
				GENERATE_INFOPLIST_FILE = YES;
				MARKETING_VERSION = 1.0;
				PRODUCT_BUNDLE_IDENTIFIER = "Dmytro-Samoileko.ShapeUpUITests";
				PRODUCT_NAME = "$(TARGET_NAME)";
				SWIFT_EMIT_LOC_STRINGS = NO;
				SWIFT_VERSION = 5.0;
				TARGETED_DEVICE_FAMILY = "1,2";
				TEST_TARGET_NAME = ShapeUp;
			};
			name = Release;
		};
/* End XCBuildConfiguration section */

/* Begin XCConfigurationList section */
		2201064E2AE2BC9100132B3A /* Build configuration list for PBXProject "ShapeUp" */ = {
			isa = XCConfigurationList;
			buildConfigurations = (
				2201067B2AE2BC9200132B3A /* Debug */,
				2201067C2AE2BC9200132B3A /* Release */,
			);
			defaultConfigurationIsVisible = 0;
			defaultConfigurationName = Release;
		};
		2201067D2AE2BC9200132B3A /* Build configuration list for PBXNativeTarget "ShapeUp" */ = {
			isa = XCConfigurationList;
			buildConfigurations = (
				2201067E2AE2BC9200132B3A /* Debug */,
				2201067F2AE2BC9200132B3A /* Release */,
			);
			defaultConfigurationIsVisible = 0;
			defaultConfigurationName = Release;
		};
		220106802AE2BC9200132B3A /* Build configuration list for PBXNativeTarget "ShapeUpTests" */ = {
			isa = XCConfigurationList;
			buildConfigurations = (
				220106812AE2BC9200132B3A /* Debug */,
				220106822AE2BC9200132B3A /* Release */,
			);
			defaultConfigurationIsVisible = 0;
			defaultConfigurationName = Release;
		};
		220106832AE2BC9200132B3A /* Build configuration list for PBXNativeTarget "ShapeUpUITests" */ = {
			isa = XCConfigurationList;
			buildConfigurations = (
				220106842AE2BC9200132B3A /* Debug */,
				220106852AE2BC9200132B3A /* Release */,
			);
			defaultConfigurationIsVisible = 0;
			defaultConfigurationName = Release;
		};
/* End XCConfigurationList section */

/* Begin XCRemoteSwiftPackageReference section */
		220106A52AE2DA0700132B3A /* XCRemoteSwiftPackageReference "SnapKit" */ = {
			isa = XCRemoteSwiftPackageReference;
			repositoryURL = "https://github.com/SnapKit/SnapKit.git";
			requirement = {
				kind = upToNextMajorVersion;
				minimumVersion = 5.6.0;
			};
		};
		22603E962AE59F4300D2E183 /* XCRemoteSwiftPackageReference "Charts" */ = {
			isa = XCRemoteSwiftPackageReference;
			repositoryURL = "https://github.com/danielgindi/Charts";
			requirement = {
				kind = upToNextMajorVersion;
				minimumVersion = 5.0.0;
			};
		};
		22DC55202AEB160900C3556C /* XCRemoteSwiftPackageReference "FSCalendar" */ = {
			isa = XCRemoteSwiftPackageReference;
			repositoryURL = "https://github.com/WenchaoD/FSCalendar";
			requirement = {
				kind = upToNextMajorVersion;
				minimumVersion = 2.8.4;
			};
		};
		22DC55272AEFE1E100C3556C /* XCRemoteSwiftPackageReference "realm-swift" */ = {
			isa = XCRemoteSwiftPackageReference;
			repositoryURL = "https://github.com/realm/realm-swift.git";
			requirement = {
				branch = master;
				kind = branch;
			};
		};
/* End XCRemoteSwiftPackageReference section */

/* Begin XCSwiftPackageProductDependency section */
		220106A82AE2E59000132B3A /* SnapKit */ = {
			isa = XCSwiftPackageProductDependency;
			package = 220106A52AE2DA0700132B3A /* XCRemoteSwiftPackageReference "SnapKit" */;
			productName = SnapKit;
		};
		22603E972AE59F4300D2E183 /* DGCharts */ = {
			isa = XCSwiftPackageProductDependency;
			package = 22603E962AE59F4300D2E183 /* XCRemoteSwiftPackageReference "Charts" */;
			productName = DGCharts;
		};
		22DC55212AEB160900C3556C /* FSCalendar */ = {
			isa = XCSwiftPackageProductDependency;
			package = 22DC55202AEB160900C3556C /* XCRemoteSwiftPackageReference "FSCalendar" */;
			productName = FSCalendar;
		};
		22DC55282AEFE1E100C3556C /* Realm */ = {
			isa = XCSwiftPackageProductDependency;
			package = 22DC55272AEFE1E100C3556C /* XCRemoteSwiftPackageReference "realm-swift" */;
			productName = Realm;
		};
		22DC552A2AEFE1E100C3556C /* RealmSwift */ = {
			isa = XCSwiftPackageProductDependency;
			package = 22DC55272AEFE1E100C3556C /* XCRemoteSwiftPackageReference "realm-swift" */;
			productName = RealmSwift;
		};
/* End XCSwiftPackageProductDependency section */
	};
	rootObject = 2201064B2AE2BC9100132B3A /* Project object */;
}
